
Microsoft Visual Studio Solution File, Format Version 12.00
# Visual Studio Version 17
VisualStudioVersion = 17.8.34525.116
MinimumVisualStudioVersion = 10.0.40219.1
Project("{FAE04EC0-301F-11D3-BF4B-00C04F79EFBC}") = "VisorFotos", "VisorFotos.csproj", "{DEF2302F-BDB4-4701-A745-66ADB12D2300}"
EndProject
Project("{FAE04EC0-301F-11D3-BF4B-00C04F79EFBC}") = "PruebaVF", "..\PruebaVF\PruebaVF.csproj", "{5E3E764C-09C6-48FB-A6C2-AC2F40624177}"
EndProject
Project("{2150E333-8FDC-42A3-9474-1A3956D46DE8}") = "Elementos de la solución", "Elementos de la solución", "{5C0900E1-419E-495C-9364-A6D74DF8267F}"
	ProjectSection(SolutionItems) = preProject
		..\..\..\Desktop\Prueba\Las-imagenes-raw-son-los-negativos-digitales.jpg = ..\..\..\Desktop\Prueba\Las-imagenes-raw-son-los-negativos-digitales.jpg
		..\..\..\Desktop\Prueba\mano-neutra-cuanto-al-genero-levanta-estructura-objeto-redondo-impreso-3d-hecho-plastico-reciclado-concepto-futurista-nuevas-posibilidades-trabajo-pequenas-empresas-impresion-3d-foto-jpg.jpg = ..\..\..\Desktop\Prueba\mano-neutra-cuanto-al-genero-levanta-estructura-objeto-redondo-impreso-3d-hecho-plastico-reciclado-concepto-futurista-nuevas-posibilidades-trabajo-pequenas-empresas-impresion-3d-foto-jpg.jpg
		..\..\..\Desktop\Prueba\vista-lateral-ramo-flores-rosas-aerosol-color-rojo-crisantemo-rosa-rosa-jpg.jpg = ..\..\..\Desktop\Prueba\vista-lateral-ramo-flores-rosas-aerosol-color-rojo-crisantemo-rosa-rosa-jpg.jpg
	EndProjectSection
EndProject
Global
	GlobalSection(SolutionConfigurationPlatforms) = preSolution
		Debug|Any CPU = Debug|Any CPU
		Release|Any CPU = Release|Any CPU
	EndGlobalSection
	GlobalSection(ProjectConfigurationPlatforms) = postSolution
		{DEF2302F-BDB4-4701-A745-66ADB12D2300}.Debug|Any CPU.ActiveCfg = Debug|Any CPU
		{DEF2302F-BDB4-4701-A745-66ADB12D2300}.Debug|Any CPU.Build.0 = Debug|Any CPU
		{DEF2302F-BDB4-4701-A745-66ADB12D2300}.Release|Any CPU.ActiveCfg = Release|Any CPU
		{DEF2302F-BDB4-4701-A745-66ADB12D2300}.Release|Any CPU.Build.0 = Release|Any CPU
		{5E3E764C-09C6-48FB-A6C2-AC2F40624177}.Debug|Any CPU.ActiveCfg = Debug|Any CPU
		{5E3E764C-09C6-48FB-A6C2-AC2F40624177}.Debug|Any CPU.Build.0 = Debug|Any CPU
		{5E3E764C-09C6-48FB-A6C2-AC2F40624177}.Release|Any CPU.ActiveCfg = Release|Any CPU
		{5E3E764C-09C6-48FB-A6C2-AC2F40624177}.Release|Any CPU.Build.0 = Release|Any CPU
	EndGlobalSection
	GlobalSection(SolutionProperties) = preSolution
		HideSolutionNode = FALSE
	EndGlobalSection
	GlobalSection(ExtensibilityGlobals) = postSolution
		SolutionGuid = {3600CADD-5079-46D4-9F59-0AD4AF3E60A5}
	EndGlobalSection
EndGlobal
